
Microsoft Visual Studio Solution File, Format Version 12.00
# Visual Studio Version 17
VisualStudioVersion = 17.8.34408.163
MinimumVisualStudioVersion = 10.0.40219.1
Project("{FAE04EC0-301F-11D3-BF4B-00C04F79EFBC}") = "Domain", "Domain\Domain.csproj", "{F16E51FF-B365-419F-AE37-2C4E3866B64B}"
EndProject
Project("{FAE04EC0-301F-11D3-BF4B-00C04F79EFBC}") = "Application", "Application\Application.csproj", "{365359A8-3500-4806-9133-F8CE82EED749}"
EndProject
Project("{FAE04EC0-301F-11D3-BF4B-00C04F79EFBC}") = "Infrastructure", "Infrastructure\Infrastructure.csproj", "{C72BCC82-D2B9-43E5-BCBD-AB9491CB94BF}"
EndProject
Project("{FAE04EC0-301F-11D3-BF4B-00C04F79EFBC}") = "Web", "Web\Web.csproj", "{EDD396A6-B800-4872-96E7-7E6D747EAAAB}"
EndProject
Global
	GlobalSection(SolutionConfigurationPlatforms) = preSolution
		Debug|Any CPU = Debug|Any CPU
		Release|Any CPU = Release|Any CPU
	EndGlobalSection
	GlobalSection(ProjectConfigurationPlatforms) = postSolution
		{F16E51FF-B365-419F-AE37-2C4E3866B64B}.Debug|Any CPU.ActiveCfg = Debug|Any CPU
		{F16E51FF-B365-419F-AE37-2C4E3866B64B}.Debug|Any CPU.Build.0 = Debug|Any CPU
		{F16E51FF-B365-419F-AE37-2C4E3866B64B}.Release|Any CPU.ActiveCfg = Release|Any CPU
		{F16E51FF-B365-419F-AE37-2C4E3866B64B}.Release|Any CPU.Build.0 = Release|Any CPU
		{365359A8-3500-4806-9133-F8CE82EED749}.Debug|Any CPU.ActiveCfg = Debug|Any CPU
		{365359A8-3500-4806-9133-F8CE82EED749}.Debug|Any CPU.Build.0 = Debug|Any CPU
		{365359A8-3500-4806-9133-F8CE82EED749}.Release|Any CPU.ActiveCfg = Release|Any CPU
		{365359A8-3500-4806-9133-F8CE82EED749}.Release|Any CPU.Build.0 = Release|Any CPU
		{C72BCC82-D2B9-43E5-BCBD-AB9491CB94BF}.Debug|Any CPU.ActiveCfg = Debug|Any CPU
		{C72BCC82-D2B9-43E5-BCBD-AB9491CB94BF}.Debug|Any CPU.Build.0 = Debug|Any CPU
		{C72BCC82-D2B9-43E5-BCBD-AB9491CB94BF}.Release|Any CPU.ActiveCfg = Release|Any CPU
		{C72BCC82-D2B9-43E5-BCBD-AB9491CB94BF}.Release|Any CPU.Build.0 = Release|Any CPU
		{EDD396A6-B800-4872-96E7-7E6D747EAAAB}.Debug|Any CPU.ActiveCfg = Debug|Any CPU
		{EDD396A6-B800-4872-96E7-7E6D747EAAAB}.Debug|Any CPU.Build.0 = Debug|Any CPU
		{EDD396A6-B800-4872-96E7-7E6D747EAAAB}.Release|Any CPU.ActiveCfg = Release|Any CPU
		{EDD396A6-B800-4872-96E7-7E6D747EAAAB}.Release|Any CPU.Build.0 = Release|Any CPU
	EndGlobalSection
	GlobalSection(SolutionProperties) = preSolution
		HideSolutionNode = FALSE
	EndGlobalSection
	GlobalSection(ExtensibilityGlobals) = postSolution
		SolutionGuid = {C74C1DC8-3B94-4974-A119-08FD713CA747}
	EndGlobalSection
EndGlobal
