
Microsoft Visual Studio Solution File, Format Version 12.00
Project("{FAE04EC0-301F-11D3-BF4B-00C04F79EFBC}") = "Server", "Server\Server.csproj", "{37E70B7F-F6A0-4BD0-B3AE-C48DDE52925D}"
EndProject
Global
	GlobalSection(SolutionConfigurationPlatforms) = preSolution
		Debug|Any CPU = Debug|Any CPU
		Release|Any CPU = Release|Any CPU
	EndGlobalSection
	GlobalSection(ProjectConfigurationPlatforms) = postSolution
		{37E70B7F-F6A0-4BD0-B3AE-C48DDE52925D}.Debug|Any CPU.ActiveCfg = Debug|Any CPU
		{37E70B7F-F6A0-4BD0-B3AE-C48DDE52925D}.Debug|Any CPU.Build.0 = Debug|Any CPU
		{37E70B7F-F6A0-4BD0-B3AE-C48DDE52925D}.Release|Any CPU.ActiveCfg = Release|Any CPU
		{37E70B7F-F6A0-4BD0-B3AE-C48DDE52925D}.Release|Any CPU.Build.0 = Release|Any CPU
	EndGlobalSection
EndGlobal
